# THIS IS AN AUTOGENERATED FILE. DO NOT EDIT THIS FILE DIRECTLY.
# yarn lockfile v1


"@types/bson@*":
  "integrity" "sha1-edLSboEHAETbKhqLLML2c8hA4eU="
  "resolved" "https://registry.nlark.com/@types/bson/download/@types/bson-4.0.4.tgz"
  "version" "4.0.4"
  dependencies:
    "@types/node" "*"

"@types/mongodb@^3.5.27":
  "integrity" "sha1-t8XFgGRPY2QAK2Sa8cBsPARU4dI="
  "resolved" "https://registry.nlark.com/@types/mongodb/download/@types/mongodb-3.6.20.tgz?cache=0&sync_timestamp=1627344635877&other_urls=https%3A%2F%2Fregistry.nlark.com%2F%40types%2Fmongodb%2Fdownload%2F%40types%2Fmongodb-3.6.20.tgz"
  "version" "3.6.20"
  dependencies:
    "@types/bson" "*"
    "@types/node" "*"

"@types/node@*":
  "integrity" "sha1-wBwaIVch9t7HG0fYi0aHRjYBukg="
  "resolved" "https://registry.nlark.com/@types/node/download/@types/node-16.4.3.tgz?cache=0&sync_timestamp=1627257784975&other_urls=https%3A%2F%2Fregistry.nlark.com%2F%40types%2Fnode%2Fdownload%2F%40types%2Fnode-16.4.3.tgz"
  "version" "16.4.3"

"@types/node@14.x || 15.x":
  "integrity" "sha1-MwdjuXPQrKy3/czHWU4fsoHtGxw="
  "resolved" "https://registry.nlark.com/@types/node/download/@types/node-15.14.3.tgz?cache=0&sync_timestamp=1627257784975&other_urls=https%3A%2F%2Fregistry.nlark.com%2F%40types%2Fnode%2Fdownload%2F%40types%2Fnode-15.14.3.tgz"
  "version" "15.14.3"

"accepts@^1.3.5":
  "integrity" "sha1-UxvHJlF6OytB+FACHGzBXqq1B80="
  "resolved" "https://registry.nlark.com/accepts/download/accepts-1.3.7.tgz"
  "version" "1.3.7"
  dependencies:
    "mime-types" "~2.1.24"
    "negotiator" "0.6.2"

"acorn@^5.0.3":
  "integrity" "sha1-Po2KmUfQWZoXltECJddDL0pKz14="
  "resolved" "https://registry.nlark.com/acorn/download/acorn-5.7.4.tgz"
  "version" "5.7.4"

"aggregate-error@^1.0.0":
  "integrity" "sha1-iINE2tAiCnLjr1CQYRf0h3GSX6w="
  "resolved" "https://registry.nlark.com/aggregate-error/download/aggregate-error-1.0.0.tgz"
  "version" "1.0.0"
  dependencies:
    "clean-stack" "^1.0.0"
    "indent-string" "^3.0.0"

"any-promise@^1.0.0", "any-promise@^1.1.0":
  "integrity" "sha1-q8av7tzqUugJzcA3au0845Y10X8="
  "resolved" "https://registry.npm.taobao.org/any-promise/download/any-promise-1.3.0.tgz"
  "version" "1.3.0"

"art-template@^4.13.2", "art-template@>=4.11.0":
  "integrity" "sha1-TEy9RN4IqtAxZgJAhx9Fx9c3z8E="
  "resolved" "https://registry.nlark.com/art-template/download/art-template-4.13.2.tgz"
  "version" "4.13.2"
  dependencies:
    "acorn" "^5.0.3"
    "escodegen" "^1.8.1"
    "estraverse" "^4.2.0"
    "html-minifier" "^3.4.3"
    "is-keyword-js" "^1.0.3"
    "js-tokens" "^3.0.1"
    "merge-source-map" "^1.0.3"
    "source-map" "^0.5.6"

"bl@^2.2.1":
  "integrity" "sha1-jBGntzBlXF1WiYzchxIk9A/ZAdU="
  "resolved" "https://registry.nlark.com/bl/download/bl-2.2.1.tgz"
  "version" "2.2.1"
  dependencies:
    "readable-stream" "^2.3.5"
    "safe-buffer" "^5.1.1"

"bluebird@3.5.1":
  "integrity" "sha1-2VUfnemPH82h5oPRfukaBgLuLrk="
  "resolved" "https://registry.nlark.com/bluebird/download/bluebird-3.5.1.tgz"
  "version" "3.5.1"

"bowser@2.9.0":
  "integrity" "sha1-O+2FQjO0GbmnQi2e4+hVBDc4Ick="
  "resolved" "https://registry.nlark.com/bowser/download/bowser-2.9.0.tgz"
  "version" "2.9.0"

"bson@^1.1.4":
  "integrity" "sha1-+4Gb6aYM1nfghTruTKcSp4XWYYo="
  "resolved" "https://registry.nlark.com/bson/download/bson-1.1.6.tgz"
  "version" "1.1.6"

"buffer-equal-constant-time@1.0.1":
  "integrity" "sha1-+OcRMvf/5uAaXJaXpMbz5I1cyBk="
  "resolved" "https://registry.nlark.com/buffer-equal-constant-time/download/buffer-equal-constant-time-1.0.1.tgz"
  "version" "1.0.1"

"bytes@3.1.0":
  "integrity" "sha1-9s95M6Ng4FiPqf3oVlHNx/gF0fY="
  "resolved" "https://registry.nlark.com/bytes/download/bytes-3.1.0.tgz"
  "version" "3.1.0"

"cache-content-type@^1.0.0":
  "integrity" "sha1-A1zeKwjuISn0qDFeqPAKANuhRTw="
  "resolved" "https://registry.nlark.com/cache-content-type/download/cache-content-type-1.0.1.tgz"
  "version" "1.0.1"
  dependencies:
    "mime-types" "^2.1.18"
    "ylru" "^1.2.0"

"call-bind@^1.0.0":
  "integrity" "sha1-sdTonmiBGcPJqQOtMKuy9qkZvjw="
  "resolved" "https://registry.nlark.com/call-bind/download/call-bind-1.0.2.tgz"
  "version" "1.0.2"
  dependencies:
    "function-bind" "^1.1.1"
    "get-intrinsic" "^1.0.2"

"camel-case@3.0.x":
  "integrity" "sha1-yjw2iKTpzzpM2nd9xNy8cTJJz3M="
  "resolved" "https://registry.npm.taobao.org/camel-case/download/camel-case-3.0.0.tgz?cache=0&sync_timestamp=1606867297052&other_urls=https%3A%2F%2Fregistry.npm.taobao.org%2Fcamel-case%2Fdownload%2Fcamel-case-3.0.0.tgz"
  "version" "3.0.0"
  dependencies:
    "no-case" "^2.2.0"
    "upper-case" "^1.1.1"

"camelize@1.0.0":
  "integrity" "sha1-FkpUg+Yw+kMh5a8HAg5TGDGyYJs="
  "resolved" "https://registry.nlark.com/camelize/download/camelize-1.0.0.tgz"
  "version" "1.0.0"

"circular-json@^0.5.5":
  "integrity" "sha1-kydjroj0996teg0JyKUaR0OlOx0="
  "resolved" "https://registry.nlark.com/circular-json/download/circular-json-0.5.9.tgz"
  "version" "0.5.9"

"clean-css@4.2.x":
  "integrity" "sha1-UHtd59l7SO5T2ErbAWD/YhY4D3g="
  "resolved" "https://registry.nlark.com/clean-css/download/clean-css-4.2.3.tgz?cache=0&sync_timestamp=1624616654332&other_urls=https%3A%2F%2Fregistry.nlark.com%2Fclean-css%2Fdownload%2Fclean-css-4.2.3.tgz"
  "version" "4.2.3"
  dependencies:
    "source-map" "~0.6.0"

"clean-stack@^1.0.0":
  "integrity" "sha1-noIVAa6XmYbEax1m0tQy2y/UrjE="
  "resolved" "https://registry.nlark.com/clean-stack/download/clean-stack-1.3.0.tgz"
  "version" "1.3.0"

"co-body@^6.0.0":
  "integrity" "sha1-2HqO/DVk+b/jrO2O9c0Ex6h2ZUc="
  "resolved" "https://registry.npm.taobao.org/co-body/download/co-body-6.1.0.tgz"
  "version" "6.1.0"
  dependencies:
    "inflation" "^2.0.0"
    "qs" "^6.5.2"
    "raw-body" "^2.3.3"
    "type-is" "^1.6.16"

"co@^4.6.0":
  "integrity" "sha1-bqa989hTrlTMuOR7+gvz+QMfsYQ="
  "resolved" "https://registry.nlark.com/co/download/co-4.6.0.tgz"
  "version" "4.6.0"

"commander@~2.19.0":
  "integrity" "sha1-9hmKqE5bg8RgVLlN3tv+1e6f8So="
  "resolved" "https://registry.nlark.com/commander/download/commander-2.19.0.tgz?cache=0&sync_timestamp=1627358203890&other_urls=https%3A%2F%2Fregistry.nlark.com%2Fcommander%2Fdownload%2Fcommander-2.19.0.tgz"
  "version" "2.19.0"

"commander@2.17.x":
  "integrity" "sha1-vXerfebelCBc6sxy8XFtKfIKd78="
  "resolved" "https://registry.nlark.com/commander/download/commander-2.17.1.tgz?cache=0&sync_timestamp=1627358203890&other_urls=https%3A%2F%2Fregistry.nlark.com%2Fcommander%2Fdownload%2Fcommander-2.17.1.tgz"
  "version" "2.17.1"

"compressible@^2.0.6":
  "integrity" "sha1-r1PMprBw1MPAdQ+9dyhqbXzEb7o="
  "resolved" "https://registry.nlark.com/compressible/download/compressible-2.0.18.tgz"
  "version" "2.0.18"
  dependencies:
    "mime-db" ">= 1.43.0 < 2"

"content-disposition@~0.5.2":
  "integrity" "sha1-4TDK9+cnkIfFYWwgB9BIVpiYT70="
  "resolved" "https://registry.npm.taobao.org/content-disposition/download/content-disposition-0.5.3.tgz"
  "version" "0.5.3"
  dependencies:
    "safe-buffer" "5.1.2"

"content-security-policy-builder@2.1.0":
  "integrity" "sha1-CiNk12mj1wFO7Hn/dpmATeuM/Ls="
  "resolved" "https://registry.nlark.com/content-security-policy-builder/download/content-security-policy-builder-2.1.0.tgz"
  "version" "2.1.0"

"content-type@^1.0.4":
  "integrity" "sha1-4TjMdeBAxyexlm/l5fjJruJW/js="
  "resolved" "https://registry.nlark.com/content-type/download/content-type-1.0.4.tgz"
  "version" "1.0.4"

"cookies@~0.8.0":
  "integrity" "sha1-EpPOSzkXQKhAbjyYcOgoxLVPP5A="
  "resolved" "https://registry.npm.taobao.org/cookies/download/cookies-0.8.0.tgz"
  "version" "0.8.0"
  dependencies:
    "depd" "~2.0.0"
    "keygrip" "~1.1.0"

"copy-to@^2.0.1":
  "integrity" "sha1-JoD7uAaKSNCGVrYJgJK9r8kG9KU="
  "resolved" "https://registry.npm.taobao.org/copy-to/download/copy-to-2.0.1.tgz"
  "version" "2.0.1"

"core-util-is@~1.0.0":
  "integrity" "sha1-tf1UIgqivFq1eqtxQMlAdUUDwac="
  "resolved" "https://registry.nlark.com/core-util-is/download/core-util-is-1.0.2.tgz"
  "version" "1.0.2"

"dasherize@2.0.0":
  "integrity" "sha1-bYCcnNDPe7iVLYD8hPoT1H3bEwg="
  "resolved" "https://registry.nlark.com/dasherize/download/dasherize-2.0.0.tgz"
  "version" "2.0.0"

"date-format@^1.2.0":
  "integrity" "sha1-YV6CjiM90aubua4JUODOzPpuytg="
  "resolved" "https://registry.nlark.com/date-format/download/date-format-1.2.0.tgz"
  "version" "1.2.0"

"debug@^2.6.1":
  "integrity" "sha1-XRKFFd8TT/Mn6QpMk/Tgd6U2NB8="
  "resolved" "https://registry.nlark.com/debug/download/debug-2.6.9.tgz?cache=0&other_urls=https%3A%2F%2Fregistry.nlark.com%2Fdebug%2Fdownload%2Fdebug-2.6.9.tgz"
  "version" "2.6.9"
  dependencies:
    "ms" "2.0.0"

"debug@^3.1.0":
  "integrity" "sha1-clgLfpFF+zm2Z2+cXl+xALk0F5o="
  "resolved" "https://registry.nlark.com/debug/download/debug-3.2.7.tgz?cache=0&other_urls=https%3A%2F%2Fregistry.nlark.com%2Fdebug%2Fdownload%2Fdebug-3.2.7.tgz"
  "version" "3.2.7"
  dependencies:
    "ms" "^2.1.1"

"debug@~3.1.0":
  "integrity" "sha1-W7WgZyYotkFJVmuhaBnmFRjGcmE="
  "resolved" "https://registry.nlark.com/debug/download/debug-3.1.0.tgz?cache=0&other_urls=https%3A%2F%2Fregistry.nlark.com%2Fdebug%2Fdownload%2Fdebug-3.1.0.tgz"
  "version" "3.1.0"
  dependencies:
    "ms" "2.0.0"

"debug@3.1.0":
  "integrity" "sha1-W7WgZyYotkFJVmuhaBnmFRjGcmE="
  "resolved" "https://registry.nlark.com/debug/download/debug-3.1.0.tgz?cache=0&other_urls=https%3A%2F%2Fregistry.nlark.com%2Fdebug%2Fdownload%2Fdebug-3.1.0.tgz"
  "version" "3.1.0"
  dependencies:
    "ms" "2.0.0"

"deep-equal@~1.0.1":
  "integrity" "sha1-9dJgKStmDghO/0zbyfCK0yR0SLU="
  "resolved" "https://registry.nlark.com/deep-equal/download/deep-equal-1.0.1.tgz"
  "version" "1.0.1"

"deep-is@~0.1.3":
  "integrity" "sha1-s2nW+128E+7PUk+RsHD+7cNXzzQ="
  "resolved" "https://registry.npm.taobao.org/deep-is/download/deep-is-0.1.3.tgz"
  "version" "0.1.3"

"delegates@^1.0.0":
  "integrity" "sha1-hMbhWbgZBP3KWaDvRM2HDTElD5o="
  "resolved" "https://registry.nlark.com/delegates/download/delegates-1.0.0.tgz"
  "version" "1.0.0"

"denque@^1.4.1":
  "integrity" "sha1-dz3gaG/y2Owv+SkUMWpHtzscc94="
  "resolved" "https://registry.nlark.com/denque/download/denque-1.5.0.tgz"
  "version" "1.5.0"

"depd@^2.0.0", "depd@~2.0.0", "depd@2.0.0":
  "integrity" "sha1-tpYWPMdXVg0JzyLMj60Vcbeedt8="
  "resolved" "https://registry.nlark.com/depd/download/depd-2.0.0.tgz"
  "version" "2.0.0"

"depd@~1.1.2":
  "integrity" "sha1-m81S4UwJd2PnSbJ0xDRu0uVgtak="
  "resolved" "https://registry.nlark.com/depd/download/depd-1.1.2.tgz"
  "version" "1.1.2"

"destroy@^1.0.4":
  "integrity" "sha1-l4hXRCxEdJ5CBmE+N5RiBYJqvYA="
  "resolved" "https://registry.nlark.com/destroy/download/destroy-1.0.4.tgz"
  "version" "1.0.4"

"dont-sniff-mimetype@1.1.0":
  "integrity" "sha1-x9BCf4vLCVdidRJSr1nRSLCmI7I="
  "resolved" "https://registry.nlark.com/dont-sniff-mimetype/download/dont-sniff-mimetype-1.1.0.tgz"
  "version" "1.1.0"

"ecdsa-sig-formatter@1.0.11":
  "integrity" "sha1-rg8PothQRe8UqBfao86azQSJ5b8="
  "resolved" "https://registry.nlark.com/ecdsa-sig-formatter/download/ecdsa-sig-formatter-1.0.11.tgz"
  "version" "1.0.11"
  dependencies:
    "safe-buffer" "^5.0.1"

"ee-first@1.1.1":
  "integrity" "sha1-WQxhFWsK4vTwJVcyoViyZrxWsh0="
  "resolved" "https://registry.nlark.com/ee-first/download/ee-first-1.1.1.tgz"
  "version" "1.1.1"

"encodeurl@^1.0.2":
  "integrity" "sha1-rT/0yG7C0CkyL1oCw6mmBslbP1k="
  "resolved" "https://registry.nlark.com/encodeurl/download/encodeurl-1.0.2.tgz"
  "version" "1.0.2"

"escape-html@^1.0.3":
  "integrity" "sha1-Aljq5NPQwJdN4cFpGI7wBR0dGYg="
  "resolved" "https://registry.nlark.com/escape-html/download/escape-html-1.0.3.tgz"
  "version" "1.0.3"

"escodegen@^1.8.1":
  "integrity" "sha1-TnuB+6YVgdyXWC7XjKt/Do1j9QM="
  "resolved" "https://registry.npm.taobao.org/escodegen/download/escodegen-1.14.3.tgz?cache=0&sync_timestamp=1596669832613&other_urls=https%3A%2F%2Fregistry.npm.taobao.org%2Fescodegen%2Fdownload%2Fescodegen-1.14.3.tgz"
  "version" "1.14.3"
  dependencies:
    "esprima" "^4.0.1"
    "estraverse" "^4.2.0"
    "esutils" "^2.0.2"
    "optionator" "^0.8.1"
  optionalDependencies:
    "source-map" "~0.6.1"

"esprima@^4.0.1":
  "integrity" "sha1-E7BM2z5sXRnfkatph6hpVhmwqnE="
  "resolved" "https://registry.nlark.com/esprima/download/esprima-4.0.1.tgz"
  "version" "4.0.1"

"estraverse@^4.2.0":
  "integrity" "sha1-OYrT88WiSUi+dyXoPRGn3ijNvR0="
  "resolved" "https://registry.npm.taobao.org/estraverse/download/estraverse-4.3.0.tgz"
  "version" "4.3.0"

"esutils@^2.0.2":
  "integrity" "sha1-dNLrTeC42hKTcRkQ1Qd1ubcQ72Q="
  "resolved" "https://registry.npm.taobao.org/esutils/download/esutils-2.0.3.tgz"
  "version" "2.0.3"

"fast-levenshtein@~2.0.6":
  "integrity" "sha1-PYpcZog6FqMMqGQ+hR8Zuqd5eRc="
  "resolved" "https://registry.npm.taobao.org/fast-levenshtein/download/fast-levenshtein-2.0.6.tgz"
  "version" "2.0.6"

"feature-policy@0.3.0":
  "integrity" "sha1-dDDo5UpA2gEVbKMKrsGjgc5TYGk="
  "resolved" "https://registry.nlark.com/feature-policy/download/feature-policy-0.3.0.tgz"
  "version" "0.3.0"

"fresh@~0.5.2":
  "integrity" "sha1-PYyt2Q2XZWn6g1qx+OSyOhBWBac="
  "resolved" "https://registry.nlark.com/fresh/download/fresh-0.5.2.tgz"
  "version" "0.5.2"

"fs-readdir-recursive@^1.0.0":
  "integrity" "sha1-4y/AMKLM7kSmtTcTCNpUvgs5fSc="
  "resolved" "https://registry.nlark.com/fs-readdir-recursive/download/fs-readdir-recursive-1.1.0.tgz"
  "version" "1.1.0"

"function-bind@^1.1.1":
  "integrity" "sha1-pWiZ0+o8m6uHS7l3O3xe3pL0iV0="
  "resolved" "https://registry.nlark.com/function-bind/download/function-bind-1.1.1.tgz"
  "version" "1.1.1"

"get-intrinsic@^1.0.2":
  "integrity" "sha1-FfWfN2+FXERpY5SPDSTNNje0q8Y="
  "resolved" "https://registry.nlark.com/get-intrinsic/download/get-intrinsic-1.1.1.tgz"
  "version" "1.1.1"
  dependencies:
    "function-bind" "^1.1.1"
    "has" "^1.0.3"
    "has-symbols" "^1.0.1"

"has-symbols@^1.0.1":
  "integrity" "sha1-Fl0wcMADCXUqEjakeTMeOsVvFCM="
  "resolved" "https://registry.nlark.com/has-symbols/download/has-symbols-1.0.2.tgz"
  "version" "1.0.2"

"has@^1.0.3":
  "integrity" "sha1-ci18v8H2qoJB8W3YFOAR4fQeh5Y="
  "resolved" "https://registry.nlark.com/has/download/has-1.0.3.tgz"
  "version" "1.0.3"
  dependencies:
    "function-bind" "^1.1.1"

"he@1.2.x":
  "integrity" "sha1-hK5l+n6vsWX922FWauFLrwVmTw8="
  "resolved" "https://registry.npm.taobao.org/he/download/he-1.2.0.tgz"
  "version" "1.2.0"

"helmet-crossdomain@0.4.0":
  "integrity" "sha1-Xx/lqDbQMl8doKeOql/YQpB4iU4="
  "resolved" "https://registry.nlark.com/helmet-crossdomain/download/helmet-crossdomain-0.4.0.tgz"
  "version" "0.4.0"

"helmet-csp@2.10.0":
  "integrity" "sha1-aF3eF0e8FsXiitnZHiKaafCoXoQ="
  "resolved" "https://registry.nlark.com/helmet-csp/download/helmet-csp-2.10.0.tgz"
  "version" "2.10.0"
  dependencies:
    "bowser" "2.9.0"
    "camelize" "1.0.0"
    "content-security-policy-builder" "2.1.0"
    "dasherize" "2.0.0"

"helmet@^3.15.1":
  "integrity" "sha1-W6MCCcX3Pe1KtldGo6Eb7dRXmrc="
  "resolved" "https://registry.nlark.com/helmet/download/helmet-3.23.3.tgz"
  "version" "3.23.3"
  dependencies:
    "depd" "2.0.0"
    "dont-sniff-mimetype" "1.1.0"
    "feature-policy" "0.3.0"
    "helmet-crossdomain" "0.4.0"
    "helmet-csp" "2.10.0"
    "hide-powered-by" "1.1.0"
    "hpkp" "2.0.0"
    "hsts" "2.2.0"
    "nocache" "2.1.0"
    "referrer-policy" "1.2.0"
    "x-xss-protection" "1.3.0"

"hide-powered-by@1.1.0":
  "integrity" "sha1-vj6pyrS9sW+HRL6HN1XKZjOD+no="
  "resolved" "https://registry.nlark.com/hide-powered-by/download/hide-powered-by-1.1.0.tgz"
  "version" "1.1.0"

"hpkp@2.0.0":
  "integrity" "sha1-EOFCJk52IVpdMMROxD3mTe5tFnI="
  "resolved" "https://registry.nlark.com/hpkp/download/hpkp-2.0.0.tgz"
  "version" "2.0.0"

"hsts@2.2.0":
  "integrity" "sha1-CRGdQveoWHA10CfdpFIjZv512WQ="
  "resolved" "https://registry.nlark.com/hsts/download/hsts-2.2.0.tgz"
  "version" "2.2.0"
  dependencies:
    "depd" "2.0.0"

"html-minifier@^3.4.3":
  "integrity" "sha1-0AQOBUcw41TbAIRjWTGUAVIS0gw="
  "resolved" "https://registry.npm.taobao.org/html-minifier/download/html-minifier-3.5.21.tgz"
  "version" "3.5.21"
  dependencies:
    "camel-case" "3.0.x"
    "clean-css" "4.2.x"
    "commander" "2.17.x"
    "he" "1.2.x"
    "param-case" "2.1.x"
    "relateurl" "0.2.x"
    "uglify-js" "3.4.x"

"http-assert@^1.3.0":
  "integrity" "sha1-xfcl1neqfoc+9zYZm4lobM6zeHg="
  "resolved" "https://registry.nlark.com/http-assert/download/http-assert-1.4.1.tgz"
  "version" "1.4.1"
  dependencies:
    "deep-equal" "~1.0.1"
    "http-errors" "~1.7.2"

"http-errors@^1.3.1":
  "integrity" "sha1-ddG75JfhBE9R5O6ecEpi8o0zZQc="
  "resolved" "https://registry.nlark.com/http-errors/download/http-errors-1.8.0.tgz?cache=0&sync_timestamp=1624607959970&other_urls=https%3A%2F%2Fregistry.nlark.com%2Fhttp-errors%2Fdownload%2Fhttp-errors-1.8.0.tgz"
  "version" "1.8.0"
  dependencies:
    "depd" "~1.1.2"
    "inherits" "2.0.4"
    "setprototypeof" "1.2.0"
    "statuses" ">= 1.5.0 < 2"
    "toidentifier" "1.0.0"

"http-errors@^1.6.3":
  "integrity" "sha1-ddG75JfhBE9R5O6ecEpi8o0zZQc="
  "resolved" "https://registry.nlark.com/http-errors/download/http-errors-1.8.0.tgz?cache=0&sync_timestamp=1624607959970&other_urls=https%3A%2F%2Fregistry.nlark.com%2Fhttp-errors%2Fdownload%2Fhttp-errors-1.8.0.tgz"
  "version" "1.8.0"
  dependencies:
    "depd" "~1.1.2"
    "inherits" "2.0.4"
    "setprototypeof" "1.2.0"
    "statuses" ">= 1.5.0 < 2"
    "toidentifier" "1.0.0"

"http-errors@~1.7.2", "http-errors@1.7.3":
  "integrity" "sha1-bGGeT5xgMIw4UZSYwU+7EKrOuwY="
  "resolved" "https://registry.nlark.com/http-errors/download/http-errors-1.7.3.tgz?cache=0&sync_timestamp=1624607959970&other_urls=https%3A%2F%2Fregistry.nlark.com%2Fhttp-errors%2Fdownload%2Fhttp-errors-1.7.3.tgz"
  "version" "1.7.3"
  dependencies:
    "depd" "~1.1.2"
    "inherits" "2.0.4"
    "setprototypeof" "1.1.1"
    "statuses" ">= 1.5.0 < 2"
    "toidentifier" "1.0.0"

"iconv-lite@0.4.24":
  "integrity" "sha1-ICK0sl+93CHS9SSXSkdKr+czkIs="
  "resolved" "https://registry.nlark.com/iconv-lite/download/iconv-lite-0.4.24.tgz"
  "version" "0.4.24"
  dependencies:
    "safer-buffer" ">= 2.1.2 < 3"

"indent-string@^3.0.0":
  "integrity" "sha1-Sl/W0nzDMvN+VBmlBNu4NxBckok="
  "resolved" "https://registry.nlark.com/indent-string/download/indent-string-3.2.0.tgz"
  "version" "3.2.0"

"inflation@^2.0.0":
  "integrity" "sha1-i0F+R8KPklpFEz2RTKH9OJEH8w8="
  "resolved" "https://registry.nlark.com/inflation/download/inflation-2.0.0.tgz"
  "version" "2.0.0"

"inherits@~2.0.3", "inherits@2.0.4":
  "integrity" "sha1-D6LGT5MpF8NDOg3tVTY6rjdBa3w="
  "resolved" "https://registry.nlark.com/inherits/download/inherits-2.0.4.tgz"
  "version" "2.0.4"

"is-generator-function@^1.0.7":
  "integrity" "sha1-5fgsIyNnPn/K09EoWMg8QDn2OZw="
  "resolved" "https://registry.nlark.com/is-generator-function/download/is-generator-function-1.0.9.tgz"
  "version" "1.0.9"

"is-keyword-js@^1.0.3":
  "integrity" "sha1-rDDc81tnH0snsX9ctXI1EmAhEy0="
  "resolved" "https://registry.nlark.com/is-keyword-js/download/is-keyword-js-1.0.3.tgz"
  "version" "1.0.3"

"isarray@~1.0.0":
  "integrity" "sha1-u5NdSFgsuhaMBoNJV6VKPgcSTxE="
  "resolved" "https://registry.nlark.com/isarray/download/isarray-1.0.0.tgz"
  "version" "1.0.0"

"isarray@0.0.1":
  "integrity" "sha1-ihis/Kmo9Bd+Cav8YDiTmwXR7t8="
  "resolved" "https://registry.nlark.com/isarray/download/isarray-0.0.1.tgz"
  "version" "0.0.1"

"js-tokens@^3.0.1":
  "integrity" "sha1-mGbfOVECEw449/mWvOtlRDIJwls="
  "resolved" "https://registry.nlark.com/js-tokens/download/js-tokens-3.0.2.tgz?cache=0&sync_timestamp=1619345098261&other_urls=https%3A%2F%2Fregistry.nlark.com%2Fjs-tokens%2Fdownload%2Fjs-tokens-3.0.2.tgz"
  "version" "3.0.2"

"jsonwebtoken@8.5.1":
  "integrity" "sha1-AOceC431TCEhofJhN98igGc7zA0="
  "resolved" "https://registry.nlark.com/jsonwebtoken/download/jsonwebtoken-8.5.1.tgz"
  "version" "8.5.1"
  dependencies:
    "jws" "^3.2.2"
    "lodash.includes" "^4.3.0"
    "lodash.isboolean" "^3.0.3"
    "lodash.isinteger" "^4.0.4"
    "lodash.isnumber" "^3.0.3"
    "lodash.isplainobject" "^4.0.6"
    "lodash.isstring" "^4.0.1"
    "lodash.once" "^4.0.0"
    "ms" "^2.1.1"
    "semver" "^5.6.0"

"jwa@^1.4.1":
  "integrity" "sha1-dDwymFy56YZVUw1TZBtmyGRbA5o="
  "resolved" "https://registry.nlark.com/jwa/download/jwa-1.4.1.tgz"
  "version" "1.4.1"
  dependencies:
    "buffer-equal-constant-time" "1.0.1"
    "ecdsa-sig-formatter" "1.0.11"
    "safe-buffer" "^5.0.1"

"jws@^3.2.2":
  "integrity" "sha1-ABCZ82OUaMlBQADpmZX6UvtHgwQ="
  "resolved" "https://registry.nlark.com/jws/download/jws-3.2.2.tgz"
  "version" "3.2.2"
  dependencies:
    "jwa" "^1.4.1"
    "safe-buffer" "^5.0.1"

"kareem@2.3.2":
  "integrity" "sha1-eMRQiJSYW404oNwV4ajhEHjyypM="
  "resolved" "https://registry.nlark.com/kareem/download/kareem-2.3.2.tgz"
  "version" "2.3.2"

"keygrip@~1.1.0":
  "integrity" "sha1-hxsWgdXhWcYqRFsMdLYV4JF+ciY="
  "resolved" "https://registry.nlark.com/keygrip/download/keygrip-1.1.0.tgz"
  "version" "1.1.0"
  dependencies:
    "tsscmp" "1.0.6"

"koa-art-template@^1.1.1":
  "integrity" "sha1-adDNkxVCmfDeEXBPK1An7AewQM8="
  "resolved" "https://registry.nlark.com/koa-art-template/download/koa-art-template-1.1.1.tgz"
  "version" "1.1.1"
  dependencies:
    "debug" "^2.6.1"

"koa-bodyparser@^4.2.1":
  "integrity" "sha1-J0x3hVX/SPoiHufzap+9us4idZo="
  "resolved" "https://registry.npm.taobao.org/koa-bodyparser/download/koa-bodyparser-4.3.0.tgz"
  "version" "4.3.0"
  dependencies:
    "co-body" "^6.0.0"
    "copy-to" "^2.0.1"

"koa-compose@^3.0.0":
  "integrity" "sha1-qFzLQLfZhtjlo0Wzoazo6rz1Tec="
  "resolved" "https://registry.nlark.com/koa-compose/download/koa-compose-3.2.1.tgz"
  "version" "3.2.1"
  dependencies:
    "any-promise" "^1.1.0"

"koa-compose@^4.1.0":
  "integrity" "sha1-UHMGuTcZAdtBEhyBLpI9DWfT6Hc="
  "resolved" "https://registry.nlark.com/koa-compose/download/koa-compose-4.1.0.tgz"
  "version" "4.1.0"

"koa-convert@^1.2.0":
  "integrity" "sha1-2kCHXfSd4FOQmNFwC1CCDOvNIdA="
  "resolved" "https://registry.nlark.com/koa-convert/download/koa-convert-1.2.0.tgz"
  "version" "1.2.0"
  dependencies:
    "co" "^4.6.0"
    "koa-compose" "^3.0.0"

"koa-helmet@^4.1.0":
  "integrity" "sha1-b2WYqh295QHF9+krgKU1hpDME9g="
  "resolved" "https://registry.nlark.com/koa-helmet/download/koa-helmet-4.2.1.tgz"
  "version" "4.2.1"
  dependencies:
    "helmet" "^3.15.1"

"koa-jwt@^3.5.1":
  "integrity" "sha1-tUU3xnzZAW8C1Uuf1587JWwlqrQ="
  "resolved" "https://registry.nlark.com/koa-jwt/download/koa-jwt-3.6.0.tgz"
  "version" "3.6.0"
  dependencies:
    "jsonwebtoken" "8.5.1"
    "koa-unless" "1.0.7"
    "p-any" "1.1.0"

"koa-router@^7.4.0":
  "integrity" "sha1-ruH3rcAtXLMdfWdGXJ6syCXoxeA="
  "resolved" "https://registry.npm.taobao.org/koa-router/download/koa-router-7.4.0.tgz"
  "version" "7.4.0"
  dependencies:
    "debug" "^3.1.0"
    "http-errors" "^1.3.1"
    "koa-compose" "^3.0.0"
    "methods" "^1.0.1"
    "path-to-regexp" "^1.1.1"
    "urijs" "^1.19.0"

"koa-static-cache@^5.1.2":
  "integrity" "sha1-uyS7rkhFMW0QHaL4odiQiOGRav4="
  "resolved" "https://registry.npm.taobao.org/koa-static-cache/download/koa-static-cache-5.1.4.tgz"
  "version" "5.1.4"
  dependencies:
    "compressible" "^2.0.6"
    "debug" "^3.1.0"
    "fs-readdir-recursive" "^1.0.0"
    "mime-types" "^2.1.8"
    "mz" "^2.7.0"

"koa-unless@1.0.7":
  "integrity" "sha1-ud83XitNowQ5GNSGIlIMLAt58DI="
  "resolved" "https://registry.nlark.com/koa-unless/download/koa-unless-1.0.7.tgz"
  "version" "1.0.7"

"koa@^2.6.2":
  "integrity" "sha1-YnUXKHWye8/h1FQ1altrn1qbEFE="
  "resolved" "https://registry.npm.taobao.org/koa/download/koa-2.13.1.tgz"
  "version" "2.13.1"
  dependencies:
    "accepts" "^1.3.5"
    "cache-content-type" "^1.0.0"
    "content-disposition" "~0.5.2"
    "content-type" "^1.0.4"
    "cookies" "~0.8.0"
    "debug" "~3.1.0"
    "delegates" "^1.0.0"
    "depd" "^2.0.0"
    "destroy" "^1.0.4"
    "encodeurl" "^1.0.2"
    "escape-html" "^1.0.3"
    "fresh" "~0.5.2"
    "http-assert" "^1.3.0"
    "http-errors" "^1.6.3"
    "is-generator-function" "^1.0.7"
    "koa-compose" "^4.1.0"
    "koa-convert" "^1.2.0"
    "on-finished" "^2.3.0"
    "only" "~0.0.2"
    "parseurl" "^1.3.2"
    "statuses" "^1.5.0"
    "type-is" "^1.6.16"
    "vary" "^1.1.2"

"koa2-cors@^2.0.6":
  "integrity" "sha1-mtI986C5u4RTC0b1lE8/tXYIZVQ="
  "resolved" "https://registry.nlark.com/koa2-cors/download/koa2-cors-2.0.6.tgz"
  "version" "2.0.6"

"levn@~0.3.0":
  "integrity" "sha1-OwmSTt+fCDwEkP3UwLxEIeBHZO4="
  "resolved" "https://registry.npm.taobao.org/levn/download/levn-0.3.0.tgz"
  "version" "0.3.0"
  dependencies:
    "prelude-ls" "~1.1.2"
    "type-check" "~0.3.2"

"lodash.includes@^4.3.0":
  "integrity" "sha1-YLuYqHy5I8aMoeUTJUgzFISfVT8="
  "resolved" "https://registry.nlark.com/lodash.includes/download/lodash.includes-4.3.0.tgz"
  "version" "4.3.0"

"lodash.isboolean@^3.0.3":
  "integrity" "sha1-bC4XHbKiV82WgC/UOwGyDV9YcPY="
  "resolved" "https://registry.nlark.com/lodash.isboolean/download/lodash.isboolean-3.0.3.tgz"
  "version" "3.0.3"

"lodash.isinteger@^4.0.4":
  "integrity" "sha1-YZwK89A/iwTDH1iChAt3sRzWg0M="
  "resolved" "https://registry.nlark.com/lodash.isinteger/download/lodash.isinteger-4.0.4.tgz"
  "version" "4.0.4"

"lodash.isnumber@^3.0.3":
  "integrity" "sha1-POdoEMWSjQM1IwGsKHMX8RwLH/w="
  "resolved" "https://registry.nlark.com/lodash.isnumber/download/lodash.isnumber-3.0.3.tgz"
  "version" "3.0.3"

"lodash.isplainobject@^4.0.6":
  "integrity" "sha1-fFJqUtibRcRcxpC4gWO+BJf1UMs="
  "resolved" "https://registry.nlark.com/lodash.isplainobject/download/lodash.isplainobject-4.0.6.tgz"
  "version" "4.0.6"

"lodash.isstring@^4.0.1":
  "integrity" "sha1-1SfftUVuynzJu5XV2ur4i6VKVFE="
  "resolved" "https://registry.nlark.com/lodash.isstring/download/lodash.isstring-4.0.1.tgz"
  "version" "4.0.1"

"lodash.once@^4.0.0":
  "integrity" "sha1-DdOXEhPHxW34gJd9UEyI+0cal6w="
  "resolved" "https://registry.nlark.com/lodash.once/download/lodash.once-4.1.1.tgz"
  "version" "4.1.1"

"log4js@^3.0.6":
  "integrity" "sha1-5srO2Uln7uuc45n5+GgqSysoyP8="
  "resolved" "https://registry.nlark.com/log4js/download/log4js-3.0.6.tgz"
  "version" "3.0.6"
  dependencies:
    "circular-json" "^0.5.5"
    "date-format" "^1.2.0"
    "debug" "^3.1.0"
    "rfdc" "^1.1.2"
    "streamroller" "0.7.0"

"lower-case@^1.1.1":
  "integrity" "sha1-miyr0bno4K6ZOkv31YdcOcQujqw="
  "resolved" "https://registry.npm.taobao.org/lower-case/download/lower-case-1.1.4.tgz?cache=0&sync_timestamp=1606867333511&other_urls=https%3A%2F%2Fregistry.npm.taobao.org%2Flower-case%2Fdownload%2Flower-case-1.1.4.tgz"
  "version" "1.1.4"

"media-typer@0.3.0":
  "integrity" "sha1-hxDXrwqmJvj/+hzgAWhUUmMlV0g="
  "resolved" "https://registry.npm.taobao.org/media-typer/download/media-typer-0.3.0.tgz"
  "version" "0.3.0"

"memory-pager@^1.0.2":
  "integrity" "sha1-2HUWVdItOEaCdByXLyw9bfo+ZrU="
  "resolved" "https://registry.nlark.com/memory-pager/download/memory-pager-1.5.0.tgz"
  "version" "1.5.0"

"merge-source-map@^1.0.3":
  "integrity" "sha1-L93n5gIJOfcJBqaPLXrmheTIxkY="
  "resolved" "https://registry.npm.taobao.org/merge-source-map/download/merge-source-map-1.1.0.tgz"
  "version" "1.1.0"
  dependencies:
    "source-map" "^0.6.1"

"methods@^1.0.1":
  "integrity" "sha1-VSmk1nZUE07cxSZmVoNbD4Ua/O4="
  "resolved" "https://registry.nlark.com/methods/download/methods-1.1.2.tgz"
  "version" "1.1.2"

"mime-db@>= 1.43.0 < 2":
  "integrity" "sha1-89/eYMmenPO8lwHWh3ePU3ABy+0="
  "resolved" "https://registry.nlark.com/mime-db/download/mime-db-1.49.0.tgz"
  "version" "1.49.0"

"mime-db@1.48.0":
  "integrity" "sha1-41sxBF3X6to6qtU37YijOvvvLR0="
  "resolved" "https://registry.nlark.com/mime-db/download/mime-db-1.48.0.tgz"
  "version" "1.48.0"

"mime-types@^2.1.18", "mime-types@^2.1.8", "mime-types@~2.1.24":
  "integrity" "sha1-oA12t0MXxh+cLbIhi46fjpxcnms="
  "resolved" "https://registry.nlark.com/mime-types/download/mime-types-2.1.31.tgz"
  "version" "2.1.31"
  dependencies:
    "mime-db" "1.48.0"

"minimist@^1.2.5":
  "integrity" "sha1-Z9ZgFLZqaoqqDAg8X9WN9OTpdgI="
  "resolved" "https://registry.nlark.com/minimist/download/minimist-1.2.5.tgz?cache=0&sync_timestamp=1624607886507&other_urls=https%3A%2F%2Fregistry.nlark.com%2Fminimist%2Fdownload%2Fminimist-1.2.5.tgz"
  "version" "1.2.5"

"mkdirp@^0.5.1":
  "integrity" "sha1-2Rzv1i0UNsoPQWIOJRKI1CAJne8="
  "resolved" "https://registry.nlark.com/mkdirp/download/mkdirp-0.5.5.tgz?cache=0&sync_timestamp=1624608019066&other_urls=https%3A%2F%2Fregistry.nlark.com%2Fmkdirp%2Fdownload%2Fmkdirp-0.5.5.tgz"
  "version" "0.5.5"
  dependencies:
    "minimist" "^1.2.5"

"mongodb@3.6.10":
  "integrity" "sha1-8Q6ZARPIaxlcivBZm5s6kHSLbuQ="
  "resolved" "https://registry.nlark.com/mongodb/download/mongodb-3.6.10.tgz"
  "version" "3.6.10"
  dependencies:
    "bl" "^2.2.1"
    "bson" "^1.1.4"
    "denque" "^1.4.1"
    "optional-require" "^1.0.3"
    "safe-buffer" "^5.1.2"
  optionalDependencies:
    "saslprep" "^1.0.0"

"mongoose-legacy-pluralize@1.0.2":
  "integrity" "sha1-O6n5H6UHtRhtOZ+0CFS/8Y+1Y+Q="
  "resolved" "https://registry.nlark.com/mongoose-legacy-pluralize/download/mongoose-legacy-pluralize-1.0.2.tgz"
  "version" "1.0.2"

"mongoose@*", "mongoose@^5.5.5":
  "integrity" "sha1-QstAIHu8rKnG+pSwqMCjgYHBll4="
  "resolved" "https://registry.nlark.com/mongoose/download/mongoose-5.13.3.tgz"
  "version" "5.13.3"
  dependencies:
    "@types/mongodb" "^3.5.27"
    "@types/node" "14.x || 15.x"
    "bson" "^1.1.4"
    "kareem" "2.3.2"
    "mongodb" "3.6.10"
    "mongoose-legacy-pluralize" "1.0.2"
    "mpath" "0.8.3"
    "mquery" "3.2.5"
    "ms" "2.1.2"
    "regexp-clone" "1.0.0"
    "safe-buffer" "5.2.1"
    "sift" "13.5.2"
    "sliced" "1.0.1"

"mpath@0.8.3":
  "integrity" "sha1-gorA0Yf39CZ0g510khlwl5q73Y8="
  "resolved" "https://registry.nlark.com/mpath/download/mpath-0.8.3.tgz"
  "version" "0.8.3"

"mquery@3.2.5":
  "integrity" "sha1-jyMFYy5LsZf2j2DAz/ohqvQGDFE="
  "resolved" "https://registry.nlark.com/mquery/download/mquery-3.2.5.tgz"
  "version" "3.2.5"
  dependencies:
    "bluebird" "3.5.1"
    "debug" "3.1.0"
    "regexp-clone" "^1.0.0"
    "safe-buffer" "5.1.2"
    "sliced" "1.0.1"

"ms@^2.1.1":
  "integrity" "sha1-V0yBOM4dK1hh8LRFedut1gxmFbI="
  "resolved" "https://registry.nlark.com/ms/download/ms-2.1.3.tgz"
  "version" "2.1.3"

"ms@2.0.0":
  "integrity" "sha1-VgiurfwAvmwpAd9fmGF4jeDVl8g="
  "resolved" "https://registry.nlark.com/ms/download/ms-2.0.0.tgz"
  "version" "2.0.0"

"ms@2.1.2":
  "integrity" "sha1-0J0fNXtEP0kzgqjrPM0YOHKuYAk="
  "resolved" "https://registry.nlark.com/ms/download/ms-2.1.2.tgz"
  "version" "2.1.2"

"mz@^2.7.0":
  "integrity" "sha1-lQCAV6Vsr63CvGPd5/n/aVWUjjI="
  "resolved" "https://registry.nlark.com/mz/download/mz-2.7.0.tgz"
  "version" "2.7.0"
  dependencies:
    "any-promise" "^1.0.0"
    "object-assign" "^4.0.1"
    "thenify-all" "^1.0.0"

"negotiator@0.6.2":
  "integrity" "sha1-/qz3zPUlp3rpY0Q2pkiD/+yjRvs="
  "resolved" "https://registry.npm.taobao.org/negotiator/download/negotiator-0.6.2.tgz"
  "version" "0.6.2"

"no-case@^2.2.0":
  "integrity" "sha1-YLgTOWvjmz8SiKTB7V0efSi0ZKw="
  "resolved" "https://registry.npm.taobao.org/no-case/download/no-case-2.3.2.tgz?cache=0&sync_timestamp=1606867308811&other_urls=https%3A%2F%2Fregistry.npm.taobao.org%2Fno-case%2Fdownload%2Fno-case-2.3.2.tgz"
  "version" "2.3.2"
  dependencies:
    "lower-case" "^1.1.1"

"nocache@2.1.0":
  "integrity" "sha1-Egyf/sQ7Vymx1d6IzXGqdaC6SR8="
  "resolved" "https://registry.nlark.com/nocache/download/nocache-2.1.0.tgz"
  "version" "2.1.0"

"object-assign@^4.0.1":
  "integrity" "sha1-IQmtx5ZYh8/AXLvUQsrIv7s2CGM="
  "resolved" "https://registry.nlark.com/object-assign/download/object-assign-4.1.1.tgz"
  "version" "4.1.1"

"object-inspect@^1.9.0":
  "integrity" "sha1-nc6xRs7dQUig2eUauI00z1CZIrE="
  "resolved" "https://registry.nlark.com/object-inspect/download/object-inspect-1.11.0.tgz"
  "version" "1.11.0"

"on-finished@^2.3.0":
  "integrity" "sha1-IPEzZIGwg811M3mSoWlxqi2QaUc="
  "resolved" "https://registry.nlark.com/on-finished/download/on-finished-2.3.0.tgz"
  "version" "2.3.0"
  dependencies:
    "ee-first" "1.1.1"

"only@~0.0.2":
  "integrity" "sha1-Kv3oTQPlC5qO3EROMGEKcCle37Q="
  "resolved" "https://registry.nlark.com/only/download/only-0.0.2.tgz"
  "version" "0.0.2"

"optional-require@^1.0.3":
  "integrity" "sha1-Ad+6+7wujXnjNVj1rzkX8izDXCw="
  "resolved" "https://registry.nlark.com/optional-require/download/optional-require-1.1.0.tgz"
  "version" "1.1.0"
  dependencies:
    "require-at" "^1.0.6"

"optionator@^0.8.1":
  "integrity" "sha1-hPodA2/p08fiHZmIS2ARZ+yPtJU="
  "resolved" "https://registry.npm.taobao.org/optionator/download/optionator-0.8.3.tgz"
  "version" "0.8.3"
  dependencies:
    "deep-is" "~0.1.3"
    "fast-levenshtein" "~2.0.6"
    "levn" "~0.3.0"
    "prelude-ls" "~1.1.2"
    "type-check" "~0.3.2"
    "word-wrap" "~1.2.3"

"p-any@1.1.0":
  "integrity" "sha1-HQODXH7tHjS45TnEe3tg0NAV1OE="
  "resolved" "https://registry.nlark.com/p-any/download/p-any-1.1.0.tgz"
  "version" "1.1.0"
  dependencies:
    "p-some" "^2.0.0"

"p-some@^2.0.0":
  "integrity" "sha1-Zdh8ixVO289SIdFnd4ttLhUPbwY="
  "resolved" "https://registry.nlark.com/p-some/download/p-some-2.0.1.tgz"
  "version" "2.0.1"
  dependencies:
    "aggregate-error" "^1.0.0"

"param-case@2.1.x":
  "integrity" "sha1-35T9jPZTHs915r75oIWPvHK+Ikc="
  "resolved" "https://registry.npm.taobao.org/param-case/download/param-case-2.1.1.tgz?cache=0&sync_timestamp=1606867292797&other_urls=https%3A%2F%2Fregistry.npm.taobao.org%2Fparam-case%2Fdownload%2Fparam-case-2.1.1.tgz"
  "version" "2.1.1"
  dependencies:
    "no-case" "^2.2.0"

"parseurl@^1.3.2":
  "integrity" "sha1-naGee+6NEt/wUT7Vt2lXeTvC6NQ="
  "resolved" "https://registry.nlark.com/parseurl/download/parseurl-1.3.3.tgz"
  "version" "1.3.3"

"path-to-regexp@^1.1.1":
  "integrity" "sha1-iHs7qdhDk+h6CgufTLdWGYtTVIo="
  "resolved" "https://registry.nlark.com/path-to-regexp/download/path-to-regexp-1.8.0.tgz?cache=0&sync_timestamp=1624608046390&other_urls=https%3A%2F%2Fregistry.nlark.com%2Fpath-to-regexp%2Fdownload%2Fpath-to-regexp-1.8.0.tgz"
  "version" "1.8.0"
  dependencies:
    "isarray" "0.0.1"

"prelude-ls@~1.1.2":
  "integrity" "sha1-IZMqVJ9eUv/ZqCf1cOBL5iqX2lQ="
  "resolved" "https://registry.npm.taobao.org/prelude-ls/download/prelude-ls-1.1.2.tgz"
  "version" "1.1.2"

"process-nextick-args@~2.0.0":
  "integrity" "sha1-eCDZsWEgzFXKmud5JoCufbptf+I="
  "resolved" "https://registry.nlark.com/process-nextick-args/download/process-nextick-args-2.0.1.tgz"
  "version" "2.0.1"

"qs@^6.5.2":
  "integrity" "sha1-STFIL6jWR6Wqt5nFJx0hM7mB+2o="
  "resolved" "https://registry.npm.taobao.org/qs/download/qs-6.10.1.tgz?cache=0&sync_timestamp=1616385248556&other_urls=https%3A%2F%2Fregistry.npm.taobao.org%2Fqs%2Fdownload%2Fqs-6.10.1.tgz"
  "version" "6.10.1"
  dependencies:
    "side-channel" "^1.0.4"

"raw-body@^2.3.3":
  "integrity" "sha1-MKyC+Yu1rowVLmcUnayNVRU7Fow="
  "resolved" "https://registry.nlark.com/raw-body/download/raw-body-2.4.1.tgz"
  "version" "2.4.1"
  dependencies:
    "bytes" "3.1.0"
    "http-errors" "1.7.3"
    "iconv-lite" "0.4.24"
    "unpipe" "1.0.0"

"readable-stream@^2.3.0", "readable-stream@^2.3.5":
  "integrity" "sha1-Hsoc9xGu+BTAT2IlKjamL2yyO1c="
  "resolved" "https://registry.nlark.com/readable-stream/download/readable-stream-2.3.7.tgz"
  "version" "2.3.7"
  dependencies:
    "core-util-is" "~1.0.0"
    "inherits" "~2.0.3"
    "isarray" "~1.0.0"
    "process-nextick-args" "~2.0.0"
    "safe-buffer" "~5.1.1"
    "string_decoder" "~1.1.1"
    "util-deprecate" "~1.0.1"

"referrer-policy@1.2.0":
  "integrity" "sha1-uZz7i1cJDcRUiV74l6TMNe9nqY4="
  "resolved" "https://registry.nlark.com/referrer-policy/download/referrer-policy-1.2.0.tgz"
  "version" "1.2.0"

"regexp-clone@^1.0.0", "regexp-clone@1.0.0":
  "integrity" "sha1-Ii25Z2IydwViYLmSYmNUoEzpv2M="
  "resolved" "https://registry.nlark.com/regexp-clone/download/regexp-clone-1.0.0.tgz"
  "version" "1.0.0"

"relateurl@0.2.x":
  "integrity" "sha1-VNvzd+UUQKypCkzSdGANP/LYiKk="
  "resolved" "https://registry.npm.taobao.org/relateurl/download/relateurl-0.2.7.tgz"
  "version" "0.2.7"

"require-at@^1.0.6":
  "integrity" "sha1-nrfjxeAHJ/WkdEBwp/Vg1N5Pbmo="
  "resolved" "https://registry.nlark.com/require-at/download/require-at-1.0.6.tgz"
  "version" "1.0.6"

"rfdc@^1.1.2":
  "integrity" "sha1-0LfEQasnINBdxM8m4ByJYx2doIs="
  "resolved" "https://registry.nlark.com/rfdc/download/rfdc-1.3.0.tgz"
  "version" "1.3.0"

"safe-buffer@^5.0.1", "safe-buffer@^5.1.1", "safe-buffer@^5.1.2", "safe-buffer@5.2.1":
  "integrity" "sha1-Hq+fqb2x/dTsdfWPnNtOa3gn7sY="
  "resolved" "https://registry.nlark.com/safe-buffer/download/safe-buffer-5.2.1.tgz"
  "version" "5.2.1"

"safe-buffer@~5.1.0":
  "integrity" "sha1-mR7GnSluAxN0fVm9/St0XDX4go0="
  "resolved" "https://registry.nlark.com/safe-buffer/download/safe-buffer-5.1.2.tgz"
  "version" "5.1.2"

"safe-buffer@~5.1.1":
  "integrity" "sha1-mR7GnSluAxN0fVm9/St0XDX4go0="
  "resolved" "https://registry.nlark.com/safe-buffer/download/safe-buffer-5.1.2.tgz"
  "version" "5.1.2"

"safe-buffer@5.1.2":
  "integrity" "sha1-mR7GnSluAxN0fVm9/St0XDX4go0="
  "resolved" "https://registry.nlark.com/safe-buffer/download/safe-buffer-5.1.2.tgz"
  "version" "5.1.2"

"safer-buffer@>= 2.1.2 < 3":
  "integrity" "sha1-RPoWGwGHuVSd2Eu5GAL5vYOFzWo="
  "resolved" "https://registry.nlark.com/safer-buffer/download/safer-buffer-2.1.2.tgz"
  "version" "2.1.2"

"saslprep@^1.0.0":
  "integrity" "sha1-TAL5RrVs9UKX40e6EJPnrKxM8iY="
  "resolved" "https://registry.nlark.com/saslprep/download/saslprep-1.0.3.tgz"
  "version" "1.0.3"
  dependencies:
    "sparse-bitfield" "^3.0.3"

"semver@^5.6.0":
  "integrity" "sha1-qVT5Ma66UI0we78Gnv8MAclhFvc="
  "resolved" "https://registry.nlark.com/semver/download/semver-5.7.1.tgz?cache=0&sync_timestamp=1624607961409&other_urls=https%3A%2F%2Fregistry.nlark.com%2Fsemver%2Fdownload%2Fsemver-5.7.1.tgz"
  "version" "5.7.1"

"setprototypeof@1.1.1":
  "integrity" "sha1-fpWsskqpL1iF4KvvW6ExMw1K5oM="
  "resolved" "https://registry.nlark.com/setprototypeof/download/setprototypeof-1.1.1.tgz"
  "version" "1.1.1"

"setprototypeof@1.2.0":
  "integrity" "sha1-ZsmiSnP5/CjL5msJ/tPTPcrxtCQ="
  "resolved" "https://registry.nlark.com/setprototypeof/download/setprototypeof-1.2.0.tgz"
  "version" "1.2.0"

"side-channel@^1.0.4":
  "integrity" "sha1-785cj9wQTudRslxY1CkAEfpeos8="
  "resolved" "https://registry.nlark.com/side-channel/download/side-channel-1.0.4.tgz"
  "version" "1.0.4"
  dependencies:
    "call-bind" "^1.0.0"
    "get-intrinsic" "^1.0.2"
    "object-inspect" "^1.9.0"

"sift@13.5.2":
  "integrity" "sha1-JKcV4TxhewhhZs0EkX0gSlkcnaY="
  "resolved" "https://registry.nlark.com/sift/download/sift-13.5.2.tgz"
  "version" "13.5.2"

"sliced@1.0.1":
  "integrity" "sha1-CzpmK10Ewxd7GSa+qCsD+Dei70E="
  "resolved" "https://registry.nlark.com/sliced/download/sliced-1.0.1.tgz"
  "version" "1.0.1"

"source-map@^0.5.6":
  "integrity" "sha1-igOdLRAh0i0eoUyA2OpGi6LvP8w="
  "resolved" "https://registry.npm.taobao.org/source-map/download/source-map-0.5.7.tgz"
  "version" "0.5.7"

"source-map@^0.6.1":
  "integrity" "sha1-dHIq8y6WFOnCh6jQu95IteLxomM="
  "resolved" "https://registry.npm.taobao.org/source-map/download/source-map-0.6.1.tgz"
  "version" "0.6.1"

"source-map@~0.6.0":
  "integrity" "sha1-dHIq8y6WFOnCh6jQu95IteLxomM="
  "resolved" "https://registry.npm.taobao.org/source-map/download/source-map-0.6.1.tgz"
  "version" "0.6.1"

"source-map@~0.6.1":
  "integrity" "sha1-dHIq8y6WFOnCh6jQu95IteLxomM="
  "resolved" "https://registry.npm.taobao.org/source-map/download/source-map-0.6.1.tgz"
  "version" "0.6.1"

"sparse-bitfield@^3.0.3":
  "integrity" "sha1-/0rm5oZWBWuks+eSqzM004JzyhE="
  "resolved" "https://registry.nlark.com/sparse-bitfield/download/sparse-bitfield-3.0.3.tgz"
  "version" "3.0.3"
  dependencies:
    "memory-pager" "^1.0.2"

"statuses@^1.5.0", "statuses@>= 1.5.0 < 2":
  "integrity" "sha1-Fhx9rBd2Wf2YEfQ3cfqZOBR4Yow="
  "resolved" "https://registry.nlark.com/statuses/download/statuses-1.5.0.tgz"
  "version" "1.5.0"

"streamroller@0.7.0":
  "integrity" "sha1-odG3z4PTmvsNYwSaWsv5NJO99ks="
  "resolved" "https://registry.nlark.com/streamroller/download/streamroller-0.7.0.tgz"
  "version" "0.7.0"
  dependencies:
    "date-format" "^1.2.0"
    "debug" "^3.1.0"
    "mkdirp" "^0.5.1"
    "readable-stream" "^2.3.0"

"string_decoder@~1.1.1":
  "integrity" "sha1-nPFhG6YmhdcDCunkujQUnDrwP8g="
  "resolved" "https://registry.nlark.com/string_decoder/download/string_decoder-1.1.1.tgz"
  "version" "1.1.1"
  dependencies:
    "safe-buffer" "~5.1.0"

"thenify-all@^1.0.0":
  "integrity" "sha1-GhkY1ALY/D+Y+/I02wvMjMEOlyY="
  "resolved" "https://registry.npm.taobao.org/thenify-all/download/thenify-all-1.6.0.tgz"
  "version" "1.6.0"
  dependencies:
    "thenify" ">= 3.1.0 < 4"

"thenify@>= 3.1.0 < 4":
  "integrity" "sha1-iTLmhqQGYDigFt2eLKRq3Zg4qV8="
  "resolved" "https://registry.npm.taobao.org/thenify/download/thenify-3.3.1.tgz"
  "version" "3.3.1"
  dependencies:
    "any-promise" "^1.0.0"

"toidentifier@1.0.0":
  "integrity" "sha1-fhvjRw8ed5SLxD2Uo8j013UrpVM="
  "resolved" "https://registry.nlark.com/toidentifier/download/toidentifier-1.0.0.tgz"
  "version" "1.0.0"

"tsscmp@1.0.6":
  "integrity" "sha1-hbmVg6w1iexL/vgltQAKqRHWBes="
  "resolved" "https://registry.nlark.com/tsscmp/download/tsscmp-1.0.6.tgz"
  "version" "1.0.6"

"type-check@~0.3.2":
  "integrity" "sha1-WITKtRLPHTVeP7eE8wgEsrUg23I="
  "resolved" "https://registry.npm.taobao.org/type-check/download/type-check-0.3.2.tgz"
  "version" "0.3.2"
  dependencies:
    "prelude-ls" "~1.1.2"

"type-is@^1.6.16":
  "integrity" "sha1-TlUs0F3wlGfcvE73Od6J8s83wTE="
  "resolved" "https://registry.nlark.com/type-is/download/type-is-1.6.18.tgz"
  "version" "1.6.18"
  dependencies:
    "media-typer" "0.3.0"
    "mime-types" "~2.1.24"

"uglify-js@3.4.x":
  "integrity" "sha1-mtlWPY6zrN+404WX0q8dgV9qdV8="
  "resolved" "https://registry.nlark.com/uglify-js/download/uglify-js-3.4.10.tgz?cache=0&sync_timestamp=1626965734272&other_urls=https%3A%2F%2Fregistry.nlark.com%2Fuglify-js%2Fdownload%2Fuglify-js-3.4.10.tgz"
  "version" "3.4.10"
  dependencies:
    "commander" "~2.19.0"
    "source-map" "~0.6.1"

"unpipe@1.0.0":
  "integrity" "sha1-sr9O6FFKrmFltIF4KdIbLvSZBOw="
  "resolved" "https://registry.nlark.com/unpipe/download/unpipe-1.0.0.tgz"
  "version" "1.0.0"

"upper-case@^1.1.1":
  "integrity" "sha1-9rRQHC7EzdJrp4vnIilh3ndiFZg="
  "resolved" "https://registry.npm.taobao.org/upper-case/download/upper-case-1.1.3.tgz"
  "version" "1.1.3"

"urijs@^1.19.0":
  "integrity" "sha1-T1lOWRE5KP6mPADOaI+zlbEWirk="
  "resolved" "https://registry.nlark.com/urijs/download/urijs-1.19.7.tgz"
  "version" "1.19.7"

"util-deprecate@~1.0.1":
  "integrity" "sha1-RQ1Nyfpw3nMnYvvS1KKJgUGaDM8="
  "resolved" "https://registry.npm.taobao.org/util-deprecate/download/util-deprecate-1.0.2.tgz?cache=0&other_urls=https%3A%2F%2Fregistry.npm.taobao.org%2Futil-deprecate%2Fdownload%2Futil-deprecate-1.0.2.tgz"
  "version" "1.0.2"

"vary@^1.1.2":
  "integrity" "sha1-IpnwLG3tMNSllhsLn3RSShj2NPw="
  "resolved" "https://registry.nlark.com/vary/download/vary-1.1.2.tgz"
  "version" "1.1.2"

"word-wrap@~1.2.3":
  "integrity" "sha1-YQY29rH3A4kb00dxzLF/uTtHB5w="
  "resolved" "https://registry.npm.taobao.org/word-wrap/download/word-wrap-1.2.3.tgz?cache=0&sync_timestamp=1589683603678&other_urls=https%3A%2F%2Fregistry.npm.taobao.org%2Fword-wrap%2Fdownload%2Fword-wrap-1.2.3.tgz"
  "version" "1.2.3"

"x-xss-protection@1.3.0":
  "integrity" "sha1-PjqN1jjagEIbDp//EaLb4Wj21Sw="
  "resolved" "https://registry.nlark.com/x-xss-protection/download/x-xss-protection-1.3.0.tgz"
  "version" "1.3.0"

"ylru@^1.2.0":
  "integrity" "sha1-9Xa2M0FUeYnB3nuiiHYJI7J/6E8="
  "resolved" "https://registry.nlark.com/ylru/download/ylru-1.2.1.tgz"
  "version" "1.2.1"
